
Microsoft Visual Studio Solution File, Format Version 12.00
Project("{FAE04EC0-301F-11D3-BF4B-00C04F79EFBC}") = "AdventOfCode2021", "AdventOfCode2021\AdventOfCode2021.csproj", "{CD4CC963-8B85-4338-A675-883F691EBE2B}"
EndProject
Project("{F2A71F9B-5D33-465A-A702-920D77279786}") = "AdventOfCode2022", "AdventOfCode2022\AdventOfCode2022.fsproj", "{AA96F77E-8252-409D-9EE7-D09ED00F0BDC}"
EndProject
Project("{FAE04EC0-301F-11D3-BF4B-00C04F79EFBC}") = "AdventOfCode2022CSharp", "AdventOfCode2022CSharp\AdventOfCode2022CSharp.csproj", "{B039F657-7AF8-4893-9670-01F4372CB073}"
EndProject
Global
	GlobalSection(SolutionConfigurationPlatforms) = preSolution
		Debug|Any CPU = Debug|Any CPU
		Release|Any CPU = Release|Any CPU
	EndGlobalSection
	GlobalSection(ProjectConfigurationPlatforms) = postSolution
		{CD4CC963-8B85-4338-A675-883F691EBE2B}.Debug|Any CPU.ActiveCfg = Debug|Any CPU
		{CD4CC963-8B85-4338-A675-883F691EBE2B}.Debug|Any CPU.Build.0 = Debug|Any CPU
		{CD4CC963-8B85-4338-A675-883F691EBE2B}.Release|Any CPU.ActiveCfg = Release|Any CPU
		{CD4CC963-8B85-4338-A675-883F691EBE2B}.Release|Any CPU.Build.0 = Release|Any CPU
		{AA96F77E-8252-409D-9EE7-D09ED00F0BDC}.Debug|Any CPU.ActiveCfg = Debug|Any CPU
		{AA96F77E-8252-409D-9EE7-D09ED00F0BDC}.Debug|Any CPU.Build.0 = Debug|Any CPU
		{AA96F77E-8252-409D-9EE7-D09ED00F0BDC}.Release|Any CPU.ActiveCfg = Release|Any CPU
		{AA96F77E-8252-409D-9EE7-D09ED00F0BDC}.Release|Any CPU.Build.0 = Release|Any CPU
		{B039F657-7AF8-4893-9670-01F4372CB073}.Debug|Any CPU.ActiveCfg = Debug|Any CPU
		{B039F657-7AF8-4893-9670-01F4372CB073}.Debug|Any CPU.Build.0 = Debug|Any CPU
		{B039F657-7AF8-4893-9670-01F4372CB073}.Release|Any CPU.ActiveCfg = Release|Any CPU
		{B039F657-7AF8-4893-9670-01F4372CB073}.Release|Any CPU.Build.0 = Release|Any CPU
	EndGlobalSection
EndGlobal
